
Microsoft Visual Studio Solution File, Format Version 12.00
# Visual Studio Version 16
VisualStudioVersion = 16.0.30804.86
MinimumVisualStudioVersion = 10.0.40219.1
Project("{FAE04EC0-301F-11D3-BF4B-00C04F79EFBC}") = "University.API", "..\University.API\University.API\University.API.csproj", "{3F927251-3758-4570-AC9B-5696A0F645DB}"
EndProject
Project("{FAE04EC0-301F-11D3-BF4B-00C04F79EFBC}") = "University.BL", "..\University.API\University.BL\University.BL.csproj", "{E6F1FA08-D747-48BA-A8AD-68CA6B3A3A4D}"
EndProject
Global
	GlobalSection(SolutionConfigurationPlatforms) = preSolution
		Debug|Any CPU = Debug|Any CPU
		Release|Any CPU = Release|Any CPU
	EndGlobalSection
	GlobalSection(ProjectConfigurationPlatforms) = postSolution
		{3F927251-3758-4570-AC9B-5696A0F645DB}.Debug|Any CPU.ActiveCfg = Debug|Any CPU
		{3F927251-3758-4570-AC9B-5696A0F645DB}.Debug|Any CPU.Build.0 = Debug|Any CPU
		{3F927251-3758-4570-AC9B-5696A0F645DB}.Release|Any CPU.ActiveCfg = Release|Any CPU
		{3F927251-3758-4570-AC9B-5696A0F645DB}.Release|Any CPU.Build.0 = Release|Any CPU
		{E6F1FA08-D747-48BA-A8AD-68CA6B3A3A4D}.Debug|Any CPU.ActiveCfg = Debug|Any CPU
		{E6F1FA08-D747-48BA-A8AD-68CA6B3A3A4D}.Debug|Any CPU.Build.0 = Debug|Any CPU
		{E6F1FA08-D747-48BA-A8AD-68CA6B3A3A4D}.Release|Any CPU.ActiveCfg = Release|Any CPU
		{E6F1FA08-D747-48BA-A8AD-68CA6B3A3A4D}.Release|Any CPU.Build.0 = Release|Any CPU
	EndGlobalSection
	GlobalSection(SolutionProperties) = preSolution
		HideSolutionNode = FALSE
	EndGlobalSection
	GlobalSection(ExtensibilityGlobals) = postSolution
		SolutionGuid = {F0231B8D-8CB6-4695-9E5E-AB6F864834DC}
	EndGlobalSection
EndGlobal
